
Microsoft Visual Studio Solution File, Format Version 12.00
# Visual Studio Version 17
VisualStudioVersion = 17.3.32929.385
MinimumVisualStudioVersion = 10.0.40219.1
Project("{FAE04EC0-301F-11D3-BF4B-00C04F79EFBC}") = "LogExchangeMidili", "LogExchangeMidili.csproj", "{773671CF-BE7C-4210-BA7B-90058EB0E345}"
EndProject
Project("{2150E333-8FDC-42A3-9474-1A3956D46DE8}") = "Solution Items", "Solution Items", "{5723F26E-9576-4111-A819-CEA3EC49B187}"
	ProjectSection(SolutionItems) = preProject
		.editorconfig = .editorconfig
	EndProjectSection
EndProject
Global
	GlobalSection(SolutionConfigurationPlatforms) = preSolution
		Debug|Any CPU = Debug|Any CPU
		Release|Any CPU = Release|Any CPU
	EndGlobalSection
	GlobalSection(ProjectConfigurationPlatforms) = postSolution
		{773671CF-BE7C-4210-BA7B-90058EB0E345}.Debug|Any CPU.ActiveCfg = Debug|Any CPU
		{773671CF-BE7C-4210-BA7B-90058EB0E345}.Debug|Any CPU.Build.0 = Debug|Any CPU
		{773671CF-BE7C-4210-BA7B-90058EB0E345}.Release|Any CPU.ActiveCfg = Release|Any CPU
		{773671CF-BE7C-4210-BA7B-90058EB0E345}.Release|Any CPU.Build.0 = Release|Any CPU
	EndGlobalSection
	GlobalSection(SolutionProperties) = preSolution
		HideSolutionNode = FALSE
	EndGlobalSection
	GlobalSection(ExtensibilityGlobals) = postSolution
		SolutionGuid = {1E87F93F-5E2F-40B6-A682-EEEE288529C9}
	EndGlobalSection
EndGlobal
